{
  "name": "dr-assets",
  "version": "0.0.3",
  "lockfileVersion": 1,
  "requires": true,
  "dependencies": {
    "@dr/drc-attention": {
      "version": "2.1.0",
      "resolved": "https://registry.npmjs.org/@dr/drc-attention/-/drc-attention-2.1.0.tgz",
      "integrity": "sha1-hOIibchmIABRjcW3+nscmwp2z0A=",
      "requires": {
        "@dr/drc-util": "1.5.0",
        "vanilla-modal": "1.2.6"
      },
      "dependencies": {
        "@dr/drc-util": {
          "version": "1.5.0",
          "resolved": "https://registry.npmjs.org/@dr/drc-util/-/drc-util-1.5.0.tgz",
          "integrity": "sha1-+SUzrTvKxxOVV1YwCzzjPQPvG6A="
        }
      }
    },
    "@dr/drc-cookie-policy": {
      "version": "1.2.1",
      "resolved": "https://registry.npmjs.org/@dr/drc-cookie-policy/-/drc-cookie-policy-1.2.1.tgz",
      "integrity": "sha512-BaD1c+xw3XX8C6pv/LNeqlSFsvDXgRjWNjJ7jzGPwnGOAn4U2PWlQPT0AJEwEvvu0J5M30O3UTYJ8kTvIG9DhA==",
      "requires": {
        "@dr/drc-util": "1.6.1"
      }
    },
    "@dr/drc-global": {
      "version": "2.5.2",
      "resolved": "https://registry.npmjs.org/@dr/drc-global/-/drc-global-2.5.2.tgz",
      "integrity": "sha512-GczWEAkqqJ0AOrFR8Oc2RZBf4VH4hBlgE/LzO6Z9S2x9ByDvkcU1IyGrmuBGRwHNRkkiUWHjUPW+9W2KkyK0mw==",
      "requires": {
        "@dr/drc-attention": "2.1.0",
        "@dr/drc-cookie-policy": "1.2.1",
        "@dr/drc-util": "1.5.0"
      },
      "dependencies": {
        "@dr/drc-util": {
          "version": "1.5.0",
          "resolved": "https://registry.npmjs.org/@dr/drc-util/-/drc-util-1.5.0.tgz",
          "integrity": "sha1-+SUzrTvKxxOVV1YwCzzjPQPvG6A="
        }
      }
    },
    "@dr/drc-util": {
      "version": "1.6.1",
      "resolved": "https://registry.npmjs.org/@dr/drc-util/-/drc-util-1.6.1.tgz",
      "integrity": "sha1-nrnMB0WXdT7KsLz/bA8jgmJ7DY8="
    },
    "bootstrap": {
      "version": "git://github.com/drdk/bootstrap.git#9e1c5c57b37796a80ae72e8a7c498d1a07566c13"
    },
    "vanilla-modal": {
      "version": "1.2.6",
      "resolved": "https://registry.npmjs.org/vanilla-modal/-/vanilla-modal-1.2.6.tgz",
      "integrity": "sha1-TZ/lnONm2Vs95T0/f0hgbEGTz9w="
    }
  }
}
